
Microsoft Visual Studio Solution File, Format Version 12.00
# Visual Studio Version 16
VisualStudioVersion = 16.0.31624.102
MinimumVisualStudioVersion = 10.0.40219.1
Project("{9A19103F-16F7-4668-BE54-9A1E7A4F7556}") = "HelloWorld", "HelloWorld.csproj", "{88624959-EE5D-4543-A30A-7CA9EADB5BB8}"
EndProject
Project("{9A19103F-16F7-4668-BE54-9A1E7A4F7556}") = "Numbers", "..\Numbers\Numbers.csproj", "{C55FEA2D-E184-4FFB-A202-BDC11289CD56}"
EndProject
Project("{9A19103F-16F7-4668-BE54-9A1E7A4F7556}") = "BranchesAndLoops", "..\BranchesAndLoops\BranchesAndLoops.csproj", "{310FACAF-D701-44BF-8B2C-1ECC0E7C517A}"
EndProject
Project("{FAE04EC0-301F-11D3-BF4B-00C04F79EFBC}") = "ListCollections", "..\ListCollections\ListCollections.csproj", "{437AB9EF-DB9B-46D8-B146-4043B67847B5}"
EndProject
Global
	GlobalSection(SolutionConfigurationPlatforms) = preSolution
		Debug|Any CPU = Debug|Any CPU
		Release|Any CPU = Release|Any CPU
	EndGlobalSection
	GlobalSection(ProjectConfigurationPlatforms) = postSolution
		{88624959-EE5D-4543-A30A-7CA9EADB5BB8}.Debug|Any CPU.ActiveCfg = Debug|Any CPU
		{88624959-EE5D-4543-A30A-7CA9EADB5BB8}.Debug|Any CPU.Build.0 = Debug|Any CPU
		{88624959-EE5D-4543-A30A-7CA9EADB5BB8}.Release|Any CPU.ActiveCfg = Release|Any CPU
		{88624959-EE5D-4543-A30A-7CA9EADB5BB8}.Release|Any CPU.Build.0 = Release|Any CPU
		{C55FEA2D-E184-4FFB-A202-BDC11289CD56}.Debug|Any CPU.ActiveCfg = Debug|Any CPU
		{C55FEA2D-E184-4FFB-A202-BDC11289CD56}.Debug|Any CPU.Build.0 = Debug|Any CPU
		{C55FEA2D-E184-4FFB-A202-BDC11289CD56}.Release|Any CPU.ActiveCfg = Release|Any CPU
		{C55FEA2D-E184-4FFB-A202-BDC11289CD56}.Release|Any CPU.Build.0 = Release|Any CPU
		{310FACAF-D701-44BF-8B2C-1ECC0E7C517A}.Debug|Any CPU.ActiveCfg = Debug|Any CPU
		{310FACAF-D701-44BF-8B2C-1ECC0E7C517A}.Debug|Any CPU.Build.0 = Debug|Any CPU
		{310FACAF-D701-44BF-8B2C-1ECC0E7C517A}.Release|Any CPU.ActiveCfg = Release|Any CPU
		{310FACAF-D701-44BF-8B2C-1ECC0E7C517A}.Release|Any CPU.Build.0 = Release|Any CPU
		{437AB9EF-DB9B-46D8-B146-4043B67847B5}.Debug|Any CPU.ActiveCfg = Debug|Any CPU
		{437AB9EF-DB9B-46D8-B146-4043B67847B5}.Debug|Any CPU.Build.0 = Debug|Any CPU
		{437AB9EF-DB9B-46D8-B146-4043B67847B5}.Release|Any CPU.ActiveCfg = Release|Any CPU
		{437AB9EF-DB9B-46D8-B146-4043B67847B5}.Release|Any CPU.Build.0 = Release|Any CPU
	EndGlobalSection
	GlobalSection(SolutionProperties) = preSolution
		HideSolutionNode = FALSE
	EndGlobalSection
	GlobalSection(ExtensibilityGlobals) = postSolution
		SolutionGuid = {FCB427F2-A2B0-43A3-A89F-D1BE0E6C82A9}
	EndGlobalSection
EndGlobal
